// !$*UTF8*$!
{
	archiveVersion = 1;
	classes = {
	};
	objectVersion = 46;
	objects = {

/* Begin PBXBuildFile section */
		1599DC521A58B0A800645E74 /* main.cpp in Sources */ = {isa = PBXBuildFile; fileRef = 1599DC511A58B0A800645E74 /* main.cpp */; };
/* End PBXBuildFile section */

/* Begin PBXCopyFilesBuildPhase section */
		1599DC4C1A58B0A800645E74 /* CopyFiles */ = {
			isa = PBXCopyFilesBuildPhase;
			buildActionMask = 2147483647;
			dstPath = /usr/share/man/man1/;
			dstSubfolderSpec = 0;
			files = (
			);
			runOnlyForDeploymentPostprocessing = 1;
		};
/* End PBXCopyFilesBuildPhase section */

/* Begin PBXFileReference section */
		1599DC4E1A58B0A800645E74 /* 3) The Torture Chamber */ = {isa = PBXFileReference; explicitFileType = "compiled.mach-o.executable"; includeInIndex = 0; path = "3) The Torture Chamber"; sourceTree = BUILT_PRODUCTS_DIR; };
		1599DC511A58B0A800645E74 /* main.cpp */ = {isa = PBXFileReference; lastKnownFileType = sourcecode.cpp.cpp; path = main.cpp; sourceTree = "<group>"; };
/* End PBXFileReference section */

/* Begin PBXFrameworksBuildPhase section */
		1599DC4B1A58B0A800645E74 /* Frameworks */ = {
			isa = PBXFrameworksBuildPhase;
			buildActionMask = 2147483647;
			files = (
			);
			runOnlyForDeploymentPostprocessing = 0;
		};
/* End PBXFrameworksBuildPhase section */

/* Begin PBXGroup section */
		1599DC451A58B0A800645E74 = {
			isa = PBXGroup;
			children = (
				1599DC501A58B0A800645E74 /* 3) The Torture Chamber */,
				1599DC4F1A58B0A800645E74 /* Products */,
			);
			sourceTree = "<group>";
		};
		1599DC4F1A58B0A800645E74 /* Products */ = {
			isa = PBXGroup;
			children = (
				1599DC4E1A58B0A800645E74 /* 3) The Torture Chamber */,
			);
			name = Products;
			sourceTree = "<group>";
		};
		1599DC501A58B0A800645E74 /* 3) The Torture Chamber */ = {
			isa = PBXGroup;
			children = (
				1599DC511A58B0A800645E74 /* main.cpp */,
			);
			path = "3) The Torture Chamber";
			sourceTree = "<group>";
		};
/* End PBXGroup section */

/* Begin PBXNativeTarget section */
		1599DC4D1A58B0A800645E74 /* 3) The Torture Chamber */ = {
			isa = PBXNativeTarget;
			buildConfigurationList = 1599DC551A58B0A800645E74 /* Build configuration list for PBXNativeTarget "3) The Torture Chamber" */;
			buildPhases = (
				1599DC4A1A58B0A800645E74 /* Sources */,
				1599DC4B1A58B0A800645E74 /* Frameworks */,
				1599DC4C1A58B0A800645E74 /* CopyFiles */,
			);
			buildRules = (
			);
			dependencies = (
			);
			name = "3) The Torture Chamber";
			productName = "3) The Torture Chamber";
			productReference = 1599DC4E1A58B0A800645E74 /* 3) The Torture Chamber */;
			productType = "com.apple.product-type.tool";
		};
/* End PBXNativeTarget section */

/* Begin PBXProject section */
		1599DC461A58B0A800645E74 /* Project object */ = {
			isa = PBXProject;
			attributes = {
				LastUpgradeCheck = 0610;
				ORGANIZATIONNAME = Bruno;
				TargetAttributes = {
					1599DC4D1A58B0A800645E74 = {
						CreatedOnToolsVersion = 6.1.1;
					};
				};
			};
			buildConfigurationList = 1599DC491A58B0A800645E74 /* Build configuration list for PBXProject "3) The Torture Chamber" */;
			compatibilityVersion = "Xcode 3.2";
			developmentRegion = English;
			hasScannedForEncodings = 0;
			knownRegions = (
				en,
			);
			mainGroup = 1599DC451A58B0A800645E74;
			productRefGroup = 1599DC4F1A58B0A800645E74 /* Products */;
			projectDirPath = "";
			projectRoot = "";
			targets = (
				1599DC4D1A58B0A800645E74 /* 3) The Torture Chamber */,
			);
		};
/* End PBXProject section */

/* Begin PBXSourcesBuildPhase section */
		1599DC4A1A58B0A800645E74 /* Sources */ = {
			isa = PBXSourcesBuildPhase;
			buildActionMask = 2147483647;
			files = (
				1599DC521A58B0A800645E74 /* main.cpp in Sources */,
			);
			runOnlyForDeploymentPostprocessing = 0;
		};
/* End PBXSourcesBuildPhase section */

/* Begin XCBuildConfiguration section */
		1599DC531A58B0A800645E74 /* Debug */ = {
			isa = XCBuildConfiguration;
			buildSettings = {
				ALWAYS_SEARCH_USER_PATHS = NO;
				CLANG_CXX_LANGUAGE_STANDARD = "gnu++0x";
				CLANG_CXX_LIBRARY = "libc++";
				CLANG_ENABLE_MODULES = YES;
				CLANG_ENABLE_OBJC_ARC = YES;
				CLANG_WARN_BOOL_CONVERSION = YES;
				CLANG_WARN_CONSTANT_CONVERSION = YES;
				CLANG_WARN_DIRECT_OBJC_ISA_USAGE = YES_ERROR;
				CLANG_WARN_EMPTY_BODY = YES;
				CLANG_WARN_ENUM_CONVERSION = YES;
				CLANG_WARN_INT_CONVERSION = YES;
				CLANG_WARN_OBJC_ROOT_CLASS = YES_ERROR;
				CLANG_WARN_UNREACHABLE_CODE = YES;
				CLANG_WARN__DUPLICATE_METHOD_MATCH = YES;
				COPY_PHASE_STRIP = NO;
				ENABLE_STRICT_OBJC_MSGSEND = YES;
				GCC_C_LANGUAGE_STANDARD = gnu99;
				GCC_DYNAMIC_NO_PIC = NO;
				GCC_OPTIMIZATION_LEVEL = 0;
				GCC_PREPROCESSOR_DEFINITIONS = (
					"DEBUG=1",
					"$(inherited)",
				);
				GCC_SYMBOLS_PRIVATE_EXTERN = NO;
				GCC_WARN_64_TO_32_BIT_CONVERSION = YES;
				GCC_WARN_ABOUT_RETURN_TYPE = YES_ERROR;
				GCC_WARN_UNDECLARED_SELECTOR = YES;
				GCC_WARN_UNINITIALIZED_AUTOS = YES_AGGRESSIVE;
				GCC_WARN_UNUSED_FUNCTION = YES;
				GCC_WARN_UNUSED_VARIABLE = YES;
				MACOSX_DEPLOYMENT_TARGET = 10.10;
				MTL_ENABLE_DEBUG_INFO = YES;
				ONLY_ACTIVE_ARCH = YES;
				SDKROOT = macosx;
			};
			name = Debug;
		};
		1599DC541A58B0A800645E74 /* Release */ = {
			isa = XCBuildConfiguration;
			buildSettings = {
				ALWAYS_SEARCH_USER_PATHS = NO;
				CLANG_CXX_LANGUAGE_STANDARD = "gnu++0x";
				CLANG_CXX_LIBRARY = "libc++";
				CLANG_ENABLE_MODULES = YES;
				CLANG_ENABLE_OBJC_ARC = YES;
				CLANG_WARN_BOOL_CONVERSION = YES;
				CLANG_WARN_CONSTANT_CONVERSION = YES;
				CLANG_WARN_DIRECT_OBJC_ISA_USAGE = YES_ERROR;
				CLANG_WARN_EMPTY_BODY = YES;
				CLANG_WARN_ENUM_CONVERSION = YES;
				CLANG_WARN_INT_CONVERSION = YES;
				CLANG_WARN_OBJC_ROOT_CLASS = YES_ERROR;
				CLANG_WARN_UNREACHABLE_CODE = YES;
				CLANG_WARN__DUPLICATE_METHOD_MATCH = YES;
				COPY_PHASE_STRIP = YES;
				DEBUG_INFORMATION_FORMAT = "dwarf-with-dsym";
				ENABLE_NS_ASSERTIONS = NO;
				ENABLE_STRICT_OBJC_MSGSEND = YES;
				GCC_C_LANGUAGE_STANDARD = gnu99;
				GCC_WARN_64_TO_32_BIT_CONVERSION = YES;
				GCC_WARN_ABOUT_RETURN_TYPE = YES_ERROR;
				GCC_WARN_UNDECLARED_SELECTOR = YES;
				GCC_WARN_UNINITIALIZED_AUTOS = YES_AGGRESSIVE;
				GCC_WARN_UNUSED_FUNCTION = YES;
				GCC_WARN_UNUSED_VARIABLE = YES;
				MACOSX_DEPLOYMENT_TARGET = 10.10;
				MTL_ENABLE_DEBUG_INFO = NO;
				SDKROOT = macosx;
			};
			name = Release;
		};
		1599DC561A58B0A800645E74 /* Debug */ = {
			isa = XCBuildConfiguration;
			buildSettings = {
				PRODUCT_NAME = "$(TARGET_NAME)";
			};
			name = Debug;
		};
		1599DC571A58B0A800645E74 /* Release */ = {
			isa = XCBuildConfiguration;
			buildSettings = {
				PRODUCT_NAME = "$(TARGET_NAME)";
			};
			name = Release;
		};
/* End XCBuildConfiguration section */

/* Begin XCConfigurationList section */
		1599DC491A58B0A800645E74 /* Build configuration list for PBXProject "3) The Torture Chamber" */ = {
			isa = XCConfigurationList;
			buildConfigurations = (
				1599DC531A58B0A800645E74 /* Debug */,
				1599DC541A58B0A800645E74 /* Release */,
			);
			defaultConfigurationIsVisible = 0;
			defaultConfigurationName = Release;
		};
		1599DC551A58B0A800645E74 /* Build configuration list for PBXNativeTarget "3) The Torture Chamber" */ = {
			isa = XCConfigurationList;
			buildConfigurations = (
				1599DC561A58B0A800645E74 /* Debug */,
				1599DC571A58B0A800645E74 /* Release */,
			);
			defaultConfigurationIsVisible = 0;
		};
/* End XCConfigurationList section */
	};
	rootObject = 1599DC461A58B0A800645E74 /* Project object */;
}
