// !$*UTF8*$!
{
	archiveVersion = 1;
	classes = {
	};
	objectVersion = 46;
	objects = {

/* Begin PBXBuildFile section */
		154628901A39D4AA00EE2CDF /* main.cpp in Sources */ = {isa = PBXBuildFile; fileRef = 1546288F1A39D4AA00EE2CDF /* main.cpp */; };
/* End PBXBuildFile section */

/* Begin PBXCopyFilesBuildPhase section */
		1546288A1A39D4AA00EE2CDF /* CopyFiles */ = {
			isa = PBXCopyFilesBuildPhase;
			buildActionMask = 2147483647;
			dstPath = /usr/share/man/man1/;
			dstSubfolderSpec = 0;
			files = (
			);
			runOnlyForDeploymentPostprocessing = 1;
		};
/* End PBXCopyFilesBuildPhase section */

/* Begin PBXFileReference section */
		1546288C1A39D4AA00EE2CDF /* Bridge Crossing */ = {isa = PBXFileReference; explicitFileType = "compiled.mach-o.executable"; includeInIndex = 0; path = "Bridge Crossing"; sourceTree = BUILT_PRODUCTS_DIR; };
		1546288F1A39D4AA00EE2CDF /* main.cpp */ = {isa = PBXFileReference; lastKnownFileType = sourcecode.cpp.cpp; path = main.cpp; sourceTree = "<group>"; };
/* End PBXFileReference section */

/* Begin PBXFrameworksBuildPhase section */
		154628891A39D4AA00EE2CDF /* Frameworks */ = {
			isa = PBXFrameworksBuildPhase;
			buildActionMask = 2147483647;
			files = (
			);
			runOnlyForDeploymentPostprocessing = 0;
		};
/* End PBXFrameworksBuildPhase section */

/* Begin PBXGroup section */
		154628831A39D4AA00EE2CDF = {
			isa = PBXGroup;
			children = (
				1546288E1A39D4AA00EE2CDF /* Bridge Crossing */,
				1546288D1A39D4AA00EE2CDF /* Products */,
			);
			sourceTree = "<group>";
		};
		1546288D1A39D4AA00EE2CDF /* Products */ = {
			isa = PBXGroup;
			children = (
				1546288C1A39D4AA00EE2CDF /* Bridge Crossing */,
			);
			name = Products;
			sourceTree = "<group>";
		};
		1546288E1A39D4AA00EE2CDF /* Bridge Crossing */ = {
			isa = PBXGroup;
			children = (
				1546288F1A39D4AA00EE2CDF /* main.cpp */,
			);
			path = "Bridge Crossing";
			sourceTree = "<group>";
		};
/* End PBXGroup section */

/* Begin PBXNativeTarget section */
		1546288B1A39D4AA00EE2CDF /* Bridge Crossing */ = {
			isa = PBXNativeTarget;
			buildConfigurationList = 154628931A39D4AA00EE2CDF /* Build configuration list for PBXNativeTarget "Bridge Crossing" */;
			buildPhases = (
				154628881A39D4AA00EE2CDF /* Sources */,
				154628891A39D4AA00EE2CDF /* Frameworks */,
				1546288A1A39D4AA00EE2CDF /* CopyFiles */,
			);
			buildRules = (
			);
			dependencies = (
			);
			name = "Bridge Crossing";
			productName = "Bridge Crossing";
			productReference = 1546288C1A39D4AA00EE2CDF /* Bridge Crossing */;
			productType = "com.apple.product-type.tool";
		};
/* End PBXNativeTarget section */

/* Begin PBXProject section */
		154628841A39D4AA00EE2CDF /* Project object */ = {
			isa = PBXProject;
			attributes = {
				LastUpgradeCheck = 0610;
				ORGANIZATIONNAME = Bruno;
				TargetAttributes = {
					1546288B1A39D4AA00EE2CDF = {
						CreatedOnToolsVersion = 6.1.1;
					};
				};
			};
			buildConfigurationList = 154628871A39D4AA00EE2CDF /* Build configuration list for PBXProject "Bridge Crossing" */;
			compatibilityVersion = "Xcode 3.2";
			developmentRegion = English;
			hasScannedForEncodings = 0;
			knownRegions = (
				en,
			);
			mainGroup = 154628831A39D4AA00EE2CDF;
			productRefGroup = 1546288D1A39D4AA00EE2CDF /* Products */;
			projectDirPath = "";
			projectRoot = "";
			targets = (
				1546288B1A39D4AA00EE2CDF /* Bridge Crossing */,
			);
		};
/* End PBXProject section */

/* Begin PBXSourcesBuildPhase section */
		154628881A39D4AA00EE2CDF /* Sources */ = {
			isa = PBXSourcesBuildPhase;
			buildActionMask = 2147483647;
			files = (
				154628901A39D4AA00EE2CDF /* main.cpp in Sources */,
			);
			runOnlyForDeploymentPostprocessing = 0;
		};
/* End PBXSourcesBuildPhase section */

/* Begin XCBuildConfiguration section */
		154628911A39D4AA00EE2CDF /* Debug */ = {
			isa = XCBuildConfiguration;
			buildSettings = {
				ALWAYS_SEARCH_USER_PATHS = NO;
				CLANG_CXX_LANGUAGE_STANDARD = "gnu++0x";
				CLANG_CXX_LIBRARY = "libc++";
				CLANG_ENABLE_MODULES = YES;
				CLANG_ENABLE_OBJC_ARC = YES;
				CLANG_WARN_BOOL_CONVERSION = YES;
				CLANG_WARN_CONSTANT_CONVERSION = YES;
				CLANG_WARN_DIRECT_OBJC_ISA_USAGE = YES_ERROR;
				CLANG_WARN_EMPTY_BODY = YES;
				CLANG_WARN_ENUM_CONVERSION = YES;
				CLANG_WARN_INT_CONVERSION = YES;
				CLANG_WARN_OBJC_ROOT_CLASS = YES_ERROR;
				CLANG_WARN_UNREACHABLE_CODE = YES;
				CLANG_WARN__DUPLICATE_METHOD_MATCH = YES;
				COPY_PHASE_STRIP = NO;
				ENABLE_STRICT_OBJC_MSGSEND = YES;
				GCC_C_LANGUAGE_STANDARD = gnu99;
				GCC_DYNAMIC_NO_PIC = NO;
				GCC_OPTIMIZATION_LEVEL = 0;
				GCC_PREPROCESSOR_DEFINITIONS = (
					"DEBUG=1",
					"$(inherited)",
				);
				GCC_SYMBOLS_PRIVATE_EXTERN = NO;
				GCC_WARN_64_TO_32_BIT_CONVERSION = YES;
				GCC_WARN_ABOUT_RETURN_TYPE = YES_ERROR;
				GCC_WARN_UNDECLARED_SELECTOR = YES;
				GCC_WARN_UNINITIALIZED_AUTOS = YES_AGGRESSIVE;
				GCC_WARN_UNUSED_FUNCTION = YES;
				GCC_WARN_UNUSED_VARIABLE = YES;
				MACOSX_DEPLOYMENT_TARGET = 10.10;
				MTL_ENABLE_DEBUG_INFO = YES;
				ONLY_ACTIVE_ARCH = YES;
				SDKROOT = macosx;
			};
			name = Debug;
		};
		154628921A39D4AA00EE2CDF /* Release */ = {
			isa = XCBuildConfiguration;
			buildSettings = {
				ALWAYS_SEARCH_USER_PATHS = NO;
				CLANG_CXX_LANGUAGE_STANDARD = "gnu++0x";
				CLANG_CXX_LIBRARY = "libc++";
				CLANG_ENABLE_MODULES = YES;
				CLANG_ENABLE_OBJC_ARC = YES;
				CLANG_WARN_BOOL_CONVERSION = YES;
				CLANG_WARN_CONSTANT_CONVERSION = YES;
				CLANG_WARN_DIRECT_OBJC_ISA_USAGE = YES_ERROR;
				CLANG_WARN_EMPTY_BODY = YES;
				CLANG_WARN_ENUM_CONVERSION = YES;
				CLANG_WARN_INT_CONVERSION = YES;
				CLANG_WARN_OBJC_ROOT_CLASS = YES_ERROR;
				CLANG_WARN_UNREACHABLE_CODE = YES;
				CLANG_WARN__DUPLICATE_METHOD_MATCH = YES;
				COPY_PHASE_STRIP = YES;
				DEBUG_INFORMATION_FORMAT = "dwarf-with-dsym";
				ENABLE_NS_ASSERTIONS = NO;
				ENABLE_STRICT_OBJC_MSGSEND = YES;
				GCC_C_LANGUAGE_STANDARD = gnu99;
				GCC_WARN_64_TO_32_BIT_CONVERSION = YES;
				GCC_WARN_ABOUT_RETURN_TYPE = YES_ERROR;
				GCC_WARN_UNDECLARED_SELECTOR = YES;
				GCC_WARN_UNINITIALIZED_AUTOS = YES_AGGRESSIVE;
				GCC_WARN_UNUSED_FUNCTION = YES;
				GCC_WARN_UNUSED_VARIABLE = YES;
				MACOSX_DEPLOYMENT_TARGET = 10.10;
				MTL_ENABLE_DEBUG_INFO = NO;
				SDKROOT = macosx;
			};
			name = Release;
		};
		154628941A39D4AA00EE2CDF /* Debug */ = {
			isa = XCBuildConfiguration;
			buildSettings = {
				PRODUCT_NAME = "$(TARGET_NAME)";
			};
			name = Debug;
		};
		154628951A39D4AA00EE2CDF /* Release */ = {
			isa = XCBuildConfiguration;
			buildSettings = {
				PRODUCT_NAME = "$(TARGET_NAME)";
			};
			name = Release;
		};
/* End XCBuildConfiguration section */

/* Begin XCConfigurationList section */
		154628871A39D4AA00EE2CDF /* Build configuration list for PBXProject "Bridge Crossing" */ = {
			isa = XCConfigurationList;
			buildConfigurations = (
				154628911A39D4AA00EE2CDF /* Debug */,
				154628921A39D4AA00EE2CDF /* Release */,
			);
			defaultConfigurationIsVisible = 0;
			defaultConfigurationName = Release;
		};
		154628931A39D4AA00EE2CDF /* Build configuration list for PBXNativeTarget "Bridge Crossing" */ = {
			isa = XCConfigurationList;
			buildConfigurations = (
				154628941A39D4AA00EE2CDF /* Debug */,
				154628951A39D4AA00EE2CDF /* Release */,
			);
			defaultConfigurationIsVisible = 0;
		};
/* End XCConfigurationList section */
	};
	rootObject = 154628841A39D4AA00EE2CDF /* Project object */;
}
