// !$*UTF8*$!
{
	archiveVersion = 1;
	classes = {
	};
	objectVersion = 46;
	objects = {

/* Begin PBXBuildFile section */
		152379D11A1FB6D8006152AE /* main.cpp in Sources */ = {isa = PBXBuildFile; fileRef = 152379D01A1FB6D8006152AE /* main.cpp */; };
/* End PBXBuildFile section */

/* Begin PBXCopyFilesBuildPhase section */
		152379CB1A1FB6D8006152AE /* CopyFiles */ = {
			isa = PBXCopyFilesBuildPhase;
			buildActionMask = 2147483647;
			dstPath = /usr/share/man/man1/;
			dstSubfolderSpec = 0;
			files = (
			);
			runOnlyForDeploymentPostprocessing = 1;
		};
/* End PBXCopyFilesBuildPhase section */

/* Begin PBXFileReference section */
		152379CD1A1FB6D8006152AE /* Fraction Action */ = {isa = PBXFileReference; explicitFileType = "compiled.mach-o.executable"; includeInIndex = 0; path = "Fraction Action"; sourceTree = BUILT_PRODUCTS_DIR; };
		152379D01A1FB6D8006152AE /* main.cpp */ = {isa = PBXFileReference; lastKnownFileType = sourcecode.cpp.cpp; path = main.cpp; sourceTree = "<group>"; };
/* End PBXFileReference section */

/* Begin PBXFrameworksBuildPhase section */
		152379CA1A1FB6D8006152AE /* Frameworks */ = {
			isa = PBXFrameworksBuildPhase;
			buildActionMask = 2147483647;
			files = (
			);
			runOnlyForDeploymentPostprocessing = 0;
		};
/* End PBXFrameworksBuildPhase section */

/* Begin PBXGroup section */
		152379C41A1FB6D8006152AE = {
			isa = PBXGroup;
			children = (
				152379CF1A1FB6D8006152AE /* Fraction Action */,
				152379CE1A1FB6D8006152AE /* Products */,
			);
			sourceTree = "<group>";
		};
		152379CE1A1FB6D8006152AE /* Products */ = {
			isa = PBXGroup;
			children = (
				152379CD1A1FB6D8006152AE /* Fraction Action */,
			);
			name = Products;
			sourceTree = "<group>";
		};
		152379CF1A1FB6D8006152AE /* Fraction Action */ = {
			isa = PBXGroup;
			children = (
				152379D01A1FB6D8006152AE /* main.cpp */,
			);
			path = "Fraction Action";
			sourceTree = "<group>";
		};
/* End PBXGroup section */

/* Begin PBXNativeTarget section */
		152379CC1A1FB6D8006152AE /* Fraction Action */ = {
			isa = PBXNativeTarget;
			buildConfigurationList = 152379D41A1FB6D8006152AE /* Build configuration list for PBXNativeTarget "Fraction Action" */;
			buildPhases = (
				152379C91A1FB6D8006152AE /* Sources */,
				152379CA1A1FB6D8006152AE /* Frameworks */,
				152379CB1A1FB6D8006152AE /* CopyFiles */,
			);
			buildRules = (
			);
			dependencies = (
			);
			name = "Fraction Action";
			productName = "Fraction Action";
			productReference = 152379CD1A1FB6D8006152AE /* Fraction Action */;
			productType = "com.apple.product-type.tool";
		};
/* End PBXNativeTarget section */

/* Begin PBXProject section */
		152379C51A1FB6D8006152AE /* Project object */ = {
			isa = PBXProject;
			attributes = {
				LastUpgradeCheck = 0610;
				ORGANIZATIONNAME = Bruno;
				TargetAttributes = {
					152379CC1A1FB6D8006152AE = {
						CreatedOnToolsVersion = 6.1;
					};
				};
			};
			buildConfigurationList = 152379C81A1FB6D8006152AE /* Build configuration list for PBXProject "Fraction Action" */;
			compatibilityVersion = "Xcode 3.2";
			developmentRegion = English;
			hasScannedForEncodings = 0;
			knownRegions = (
				en,
			);
			mainGroup = 152379C41A1FB6D8006152AE;
			productRefGroup = 152379CE1A1FB6D8006152AE /* Products */;
			projectDirPath = "";
			projectRoot = "";
			targets = (
				152379CC1A1FB6D8006152AE /* Fraction Action */,
			);
		};
/* End PBXProject section */

/* Begin PBXSourcesBuildPhase section */
		152379C91A1FB6D8006152AE /* Sources */ = {
			isa = PBXSourcesBuildPhase;
			buildActionMask = 2147483647;
			files = (
				152379D11A1FB6D8006152AE /* main.cpp in Sources */,
			);
			runOnlyForDeploymentPostprocessing = 0;
		};
/* End PBXSourcesBuildPhase section */

/* Begin XCBuildConfiguration section */
		152379D21A1FB6D8006152AE /* Debug */ = {
			isa = XCBuildConfiguration;
			buildSettings = {
				ALWAYS_SEARCH_USER_PATHS = NO;
				CLANG_CXX_LANGUAGE_STANDARD = "gnu++0x";
				CLANG_CXX_LIBRARY = "libc++";
				CLANG_ENABLE_MODULES = YES;
				CLANG_ENABLE_OBJC_ARC = YES;
				CLANG_WARN_BOOL_CONVERSION = YES;
				CLANG_WARN_CONSTANT_CONVERSION = YES;
				CLANG_WARN_DIRECT_OBJC_ISA_USAGE = YES_ERROR;
				CLANG_WARN_EMPTY_BODY = YES;
				CLANG_WARN_ENUM_CONVERSION = YES;
				CLANG_WARN_INT_CONVERSION = YES;
				CLANG_WARN_OBJC_ROOT_CLASS = YES_ERROR;
				CLANG_WARN_UNREACHABLE_CODE = YES;
				CLANG_WARN__DUPLICATE_METHOD_MATCH = YES;
				COPY_PHASE_STRIP = NO;
				ENABLE_STRICT_OBJC_MSGSEND = YES;
				GCC_C_LANGUAGE_STANDARD = gnu99;
				GCC_DYNAMIC_NO_PIC = NO;
				GCC_OPTIMIZATION_LEVEL = 0;
				GCC_PREPROCESSOR_DEFINITIONS = (
					"DEBUG=1",
					"$(inherited)",
				);
				GCC_SYMBOLS_PRIVATE_EXTERN = NO;
				GCC_WARN_64_TO_32_BIT_CONVERSION = YES;
				GCC_WARN_ABOUT_RETURN_TYPE = YES_ERROR;
				GCC_WARN_UNDECLARED_SELECTOR = YES;
				GCC_WARN_UNINITIALIZED_AUTOS = YES_AGGRESSIVE;
				GCC_WARN_UNUSED_FUNCTION = YES;
				GCC_WARN_UNUSED_VARIABLE = YES;
				MACOSX_DEPLOYMENT_TARGET = 10.10;
				MTL_ENABLE_DEBUG_INFO = YES;
				ONLY_ACTIVE_ARCH = YES;
				SDKROOT = macosx;
			};
			name = Debug;
		};
		152379D31A1FB6D8006152AE /* Release */ = {
			isa = XCBuildConfiguration;
			buildSettings = {
				ALWAYS_SEARCH_USER_PATHS = NO;
				CLANG_CXX_LANGUAGE_STANDARD = "gnu++0x";
				CLANG_CXX_LIBRARY = "libc++";
				CLANG_ENABLE_MODULES = YES;
				CLANG_ENABLE_OBJC_ARC = YES;
				CLANG_WARN_BOOL_CONVERSION = YES;
				CLANG_WARN_CONSTANT_CONVERSION = YES;
				CLANG_WARN_DIRECT_OBJC_ISA_USAGE = YES_ERROR;
				CLANG_WARN_EMPTY_BODY = YES;
				CLANG_WARN_ENUM_CONVERSION = YES;
				CLANG_WARN_INT_CONVERSION = YES;
				CLANG_WARN_OBJC_ROOT_CLASS = YES_ERROR;
				CLANG_WARN_UNREACHABLE_CODE = YES;
				CLANG_WARN__DUPLICATE_METHOD_MATCH = YES;
				COPY_PHASE_STRIP = YES;
				DEBUG_INFORMATION_FORMAT = "dwarf-with-dsym";
				ENABLE_NS_ASSERTIONS = NO;
				ENABLE_STRICT_OBJC_MSGSEND = YES;
				GCC_C_LANGUAGE_STANDARD = gnu99;
				GCC_WARN_64_TO_32_BIT_CONVERSION = YES;
				GCC_WARN_ABOUT_RETURN_TYPE = YES_ERROR;
				GCC_WARN_UNDECLARED_SELECTOR = YES;
				GCC_WARN_UNINITIALIZED_AUTOS = YES_AGGRESSIVE;
				GCC_WARN_UNUSED_FUNCTION = YES;
				GCC_WARN_UNUSED_VARIABLE = YES;
				MACOSX_DEPLOYMENT_TARGET = 10.10;
				MTL_ENABLE_DEBUG_INFO = NO;
				SDKROOT = macosx;
			};
			name = Release;
		};
		152379D51A1FB6D8006152AE /* Debug */ = {
			isa = XCBuildConfiguration;
			buildSettings = {
				PRODUCT_NAME = "$(TARGET_NAME)";
			};
			name = Debug;
		};
		152379D61A1FB6D8006152AE /* Release */ = {
			isa = XCBuildConfiguration;
			buildSettings = {
				PRODUCT_NAME = "$(TARGET_NAME)";
			};
			name = Release;
		};
/* End XCBuildConfiguration section */

/* Begin XCConfigurationList section */
		152379C81A1FB6D8006152AE /* Build configuration list for PBXProject "Fraction Action" */ = {
			isa = XCConfigurationList;
			buildConfigurations = (
				152379D21A1FB6D8006152AE /* Debug */,
				152379D31A1FB6D8006152AE /* Release */,
			);
			defaultConfigurationIsVisible = 0;
			defaultConfigurationName = Release;
		};
		152379D41A1FB6D8006152AE /* Build configuration list for PBXNativeTarget "Fraction Action" */ = {
			isa = XCConfigurationList;
			buildConfigurations = (
				152379D51A1FB6D8006152AE /* Debug */,
				152379D61A1FB6D8006152AE /* Release */,
			);
			defaultConfigurationIsVisible = 0;
		};
/* End XCConfigurationList section */
	};
	rootObject = 152379C51A1FB6D8006152AE /* Project object */;
}
